// !$*UTF8*$!
{
	archiveVersion = 1;
	classes = {
	};
	objectVersion = 51;
	objects = {

/* Begin PBXBuildFile section */
		3A9413815AD7C4D7D3811B98 /* Pods_IOS_CreditCardList.framework in Frameworks */ = {isa = PBXBuildFile; fileRef = 4CC06E296FC45666C58388CE /* Pods_IOS_CreditCardList.framework */; };
		AFB4BAB026FC39F000B6E065 /* GoogleService-Info.plist in Resources */ = {isa = PBXBuildFile; fileRef = AFB4BAAF26FC39F000B6E065 /* GoogleService-Info.plist */; };
		AFB4BAB226FC40B000B6E065 /* CardListTableViewController.swift in Sources */ = {isa = PBXBuildFile; fileRef = AFB4BAB126FC40B000B6E065 /* CardListTableViewController.swift */; };
		AFDB259226F3505600397B35 /* AppDelegate.swift in Sources */ = {isa = PBXBuildFile; fileRef = AFDB259126F3505600397B35 /* AppDelegate.swift */; };
		AFDB259426F3505600397B35 /* SceneDelegate.swift in Sources */ = {isa = PBXBuildFile; fileRef = AFDB259326F3505600397B35 /* SceneDelegate.swift */; };
		AFDB259926F3505600397B35 /* Main.storyboard in Resources */ = {isa = PBXBuildFile; fileRef = AFDB259726F3505600397B35 /* Main.storyboard */; };
		AFDB259B26F3505B00397B35 /* Assets.xcassets in Resources */ = {isa = PBXBuildFile; fileRef = AFDB259A26F3505B00397B35 /* Assets.xcassets */; };
		AFDB259E26F3505B00397B35 /* LaunchScreen.storyboard in Resources */ = {isa = PBXBuildFile; fileRef = AFDB259C26F3505B00397B35 /* LaunchScreen.storyboard */; };
		AFDB25B626F4CFEB00397B35 /* CardListTableViewCell.swift in Sources */ = {isa = PBXBuildFile; fileRef = AFDB25AF26F4CFEA00397B35 /* CardListTableViewCell.swift */; };
		AFDB25B726F4CFEB00397B35 /* CardListTableViewCell.xib in Resources */ = {isa = PBXBuildFile; fileRef = AFDB25B026F4CFEA00397B35 /* CardListTableViewCell.xib */; };
		AFDB25B926F4CFEB00397B35 /* CreditCard.swift in Sources */ = {isa = PBXBuildFile; fileRef = AFDB25B226F4CFEA00397B35 /* CreditCard.swift */; };
		AFDB25BE26F4D1BB00397B35 /* CardDetailViewController.swift in Sources */ = {isa = PBXBuildFile; fileRef = AFDB25BD26F4D1BB00397B35 /* CardDetailViewController.swift */; };
		AFDB25C026F4D40800397B35 /* money.json in Resources */ = {isa = PBXBuildFile; fileRef = AFDB25BF26F4D40800397B35 /* money.json */; };
/* End PBXBuildFile section */

/* Begin PBXFileReference section */
		4CC06E296FC45666C58388CE /* Pods_IOS_CreditCardList.framework */ = {isa = PBXFileReference; explicitFileType = wrapper.framework; includeInIndex = 0; path = Pods_IOS_CreditCardList.framework; sourceTree = BUILT_PRODUCTS_DIR; };
		AFB4BAAF26FC39F000B6E065 /* GoogleService-Info.plist */ = {isa = PBXFileReference; fileEncoding = 4; lastKnownFileType = text.plist.xml; path = "GoogleService-Info.plist"; sourceTree = "<group>"; };
		AFB4BAB126FC40B000B6E065 /* CardListTableViewController.swift */ = {isa = PBXFileReference; fileEncoding = 4; lastKnownFileType = sourcecode.swift; path = CardListTableViewController.swift; sourceTree = "<group>"; };
		AFDB258E26F3505600397B35 /* IOS_CreditCardList.app */ = {isa = PBXFileReference; explicitFileType = wrapper.application; includeInIndex = 0; path = IOS_CreditCardList.app; sourceTree = BUILT_PRODUCTS_DIR; };
		AFDB259126F3505600397B35 /* AppDelegate.swift */ = {isa = PBXFileReference; lastKnownFileType = sourcecode.swift; path = AppDelegate.swift; sourceTree = "<group>"; };
		AFDB259326F3505600397B35 /* SceneDelegate.swift */ = {isa = PBXFileReference; lastKnownFileType = sourcecode.swift; path = SceneDelegate.swift; sourceTree = "<group>"; };
		AFDB259826F3505600397B35 /* Base */ = {isa = PBXFileReference; lastKnownFileType = file.storyboard; name = Base; path = Base.lproj/Main.storyboard; sourceTree = "<group>"; };
		AFDB259A26F3505B00397B35 /* Assets.xcassets */ = {isa = PBXFileReference; lastKnownFileType = folder.assetcatalog; path = Assets.xcassets; sourceTree = "<group>"; };
		AFDB259D26F3505B00397B35 /* Base */ = {isa = PBXFileReference; lastKnownFileType = file.storyboard; name = Base; path = Base.lproj/LaunchScreen.storyboard; sourceTree = "<group>"; };
		AFDB259F26F3505B00397B35 /* Info.plist */ = {isa = PBXFileReference; lastKnownFileType = text.plist.xml; path = Info.plist; sourceTree = "<group>"; };
		AFDB25AF26F4CFEA00397B35 /* CardListTableViewCell.swift */ = {isa = PBXFileReference; fileEncoding = 4; lastKnownFileType = sourcecode.swift; path = CardListTableViewCell.swift; sourceTree = "<group>"; };
		AFDB25B026F4CFEA00397B35 /* CardListTableViewCell.xib */ = {isa = PBXFileReference; fileEncoding = 4; lastKnownFileType = file.xib; path = CardListTableViewCell.xib; sourceTree = "<group>"; };
		AFDB25B226F4CFEA00397B35 /* CreditCard.swift */ = {isa = PBXFileReference; fileEncoding = 4; lastKnownFileType = sourcecode.swift; path = CreditCard.swift; sourceTree = "<group>"; };
		AFDB25BD26F4D1BB00397B35 /* CardDetailViewController.swift */ = {isa = PBXFileReference; lastKnownFileType = sourcecode.swift; path = CardDetailViewController.swift; sourceTree = "<group>"; };
		AFDB25BF26F4D40800397B35 /* money.json */ = {isa = PBXFileReference; fileEncoding = 4; lastKnownFileType = text.json; path = money.json; sourceTree = "<group>"; };
		C68B60DDA36FDC12CE7D9F98 /* Pods-IOS_CreditCardList.debug.xcconfig */ = {isa = PBXFileReference; includeInIndex = 1; lastKnownFileType = text.xcconfig; name = "Pods-IOS_CreditCardList.debug.xcconfig"; path = "Target Support Files/Pods-IOS_CreditCardList/Pods-IOS_CreditCardList.debug.xcconfig"; sourceTree = "<group>"; };
		E16BF34E899EA9A59073E512 /* Pods-IOS_CreditCardList.release.xcconfig */ = {isa = PBXFileReference; includeInIndex = 1; lastKnownFileType = text.xcconfig; name = "Pods-IOS_CreditCardList.release.xcconfig"; path = "Target Support Files/Pods-IOS_CreditCardList/Pods-IOS_CreditCardList.release.xcconfig"; sourceTree = "<group>"; };
/* End PBXFileReference section */

/* Begin PBXFrameworksBuildPhase section */
		AFDB258B26F3505600397B35 /* Frameworks */ = {
			isa = PBXFrameworksBuildPhase;
			buildActionMask = 2147483647;
			files = (
				3A9413815AD7C4D7D3811B98 /* Pods_IOS_CreditCardList.framework in Frameworks */,
			);
			runOnlyForDeploymentPostprocessing = 0;
		};
/* End PBXFrameworksBuildPhase section */

/* Begin PBXGroup section */
		2CF44AAC513F6E5A9CA78A63 /* Pods */ = {
			isa = PBXGroup;
			children = (
				C68B60DDA36FDC12CE7D9F98 /* Pods-IOS_CreditCardList.debug.xcconfig */,
				E16BF34E899EA9A59073E512 /* Pods-IOS_CreditCardList.release.xcconfig */,
			);
			path = Pods;
			sourceTree = "<group>";
		};
		AFDB258526F3505600397B35 = {
			isa = PBXGroup;
			children = (
				AFDB259026F3505600397B35 /* IOS_CreditCardList */,
				AFDB258F26F3505600397B35 /* Products */,
				2CF44AAC513F6E5A9CA78A63 /* Pods */,
				BA65905B2FC18A1486DCD939 /* Frameworks */,
			);
			sourceTree = "<group>";
		};
		AFDB258F26F3505600397B35 /* Products */ = {
			isa = PBXGroup;
			children = (
				AFDB258E26F3505600397B35 /* IOS_CreditCardList.app */,
			);
			name = Products;
			sourceTree = "<group>";
		};
		AFDB259026F3505600397B35 /* IOS_CreditCardList */ = {
			isa = PBXGroup;
			children = (
				AFDB25BF26F4D40800397B35 /* money.json */,
				AFDB259126F3505600397B35 /* AppDelegate.swift */,
				AFDB259326F3505600397B35 /* SceneDelegate.swift */,
				AFDB259726F3505600397B35 /* Main.storyboard */,
				AFDB259A26F3505B00397B35 /* Assets.xcassets */,
				AFDB259C26F3505B00397B35 /* LaunchScreen.storyboard */,
				AFDB25AF26F4CFEA00397B35 /* CardListTableViewCell.swift */,
				AFDB25B026F4CFEA00397B35 /* CardListTableViewCell.xib */,
				AFB4BAAF26FC39F000B6E065 /* GoogleService-Info.plist */,
				AFB4BAB126FC40B000B6E065 /* CardListTableViewController.swift */,
				AFDB25BD26F4D1BB00397B35 /* CardDetailViewController.swift */,
				AFDB25B226F4CFEA00397B35 /* CreditCard.swift */,
				AFDB259F26F3505B00397B35 /* Info.plist */,
			);
			path = IOS_CreditCardList;
			sourceTree = "<group>";
		};
		BA65905B2FC18A1486DCD939 /* Frameworks */ = {
			isa = PBXGroup;
			children = (
				4CC06E296FC45666C58388CE /* Pods_IOS_CreditCardList.framework */,
			);
			name = Frameworks;
			sourceTree = "<group>";
		};
/* End PBXGroup section */

/* Begin PBXNativeTarget section */
		AFDB258D26F3505600397B35 /* IOS_CreditCardList */ = {
			isa = PBXNativeTarget;
			buildConfigurationList = AFDB25A226F3505B00397B35 /* Build configuration list for PBXNativeTarget "IOS_CreditCardList" */;
			buildPhases = (
				A2682BB19B5B441753BC228D /* [CP] Check Pods Manifest.lock */,
				AFDB258A26F3505600397B35 /* Sources */,
				AFDB258B26F3505600397B35 /* Frameworks */,
				AFDB258C26F3505600397B35 /* Resources */,
				E6B9DC23B6CC82BD85355D9B /* [CP] Embed Pods Frameworks */,
			);
			buildRules = (
			);
			dependencies = (
			);
			name = IOS_CreditCardList;
			productName = IOS_CreditCardList;
			productReference = AFDB258E26F3505600397B35 /* IOS_CreditCardList.app */;
			productType = "com.apple.product-type.application";
		};
/* End PBXNativeTarget section */

/* Begin PBXProject section */
		AFDB258626F3505600397B35 /* Project object */ = {
			isa = PBXProject;
			attributes = {
				LastSwiftUpdateCheck = 1250;
				LastUpgradeCheck = 1250;
				TargetAttributes = {
					AFDB258D26F3505600397B35 = {
						CreatedOnToolsVersion = 12.5.1;
					};
				};
			};
			buildConfigurationList = AFDB258926F3505600397B35 /* Build configuration list for PBXProject "IOS_CreditCardList" */;
			compatibilityVersion = "Xcode 9.3";
			developmentRegion = en;
			hasScannedForEncodings = 0;
			knownRegions = (
				en,
				Base,
			);
			mainGroup = AFDB258526F3505600397B35;
			productRefGroup = AFDB258F26F3505600397B35 /* Products */;
			projectDirPath = "";
			projectRoot = "";
			targets = (
				AFDB258D26F3505600397B35 /* IOS_CreditCardList */,
			);
		};
/* End PBXProject section */

/* Begin PBXResourcesBuildPhase section */
		AFDB258C26F3505600397B35 /* Resources */ = {
			isa = PBXResourcesBuildPhase;
			buildActionMask = 2147483647;
			files = (
				AFDB259E26F3505B00397B35 /* LaunchScreen.storyboard in Resources */,
				AFDB259B26F3505B00397B35 /* Assets.xcassets in Resources */,
				AFDB25C026F4D40800397B35 /* money.json in Resources */,
				AFDB259926F3505600397B35 /* Main.storyboard in Resources */,
				AFDB25B726F4CFEB00397B35 /* CardListTableViewCell.xib in Resources */,
				AFB4BAB026FC39F000B6E065 /* GoogleService-Info.plist in Resources */,
			);
			runOnlyForDeploymentPostprocessing = 0;
		};
/* End PBXResourcesBuildPhase section */

/* Begin PBXShellScriptBuildPhase section */
		A2682BB19B5B441753BC228D /* [CP] Check Pods Manifest.lock */ = {
			isa = PBXShellScriptBuildPhase;
			buildActionMask = 2147483647;
			files = (
			);
			inputFileListPaths = (
			);
			inputPaths = (
				"${PODS_PODFILE_DIR_PATH}/Podfile.lock",
				"${PODS_ROOT}/Manifest.lock",
			);
			name = "[CP] Check Pods Manifest.lock";
			outputFileListPaths = (
			);
			outputPaths = (
				"$(DERIVED_FILE_DIR)/Pods-IOS_CreditCardList-checkManifestLockResult.txt",
			);
			runOnlyForDeploymentPostprocessing = 0;
			shellPath = /bin/sh;
			shellScript = "diff \"${PODS_PODFILE_DIR_PATH}/Podfile.lock\" \"${PODS_ROOT}/Manifest.lock\" > /dev/null\nif [ $? != 0 ] ; then\n    # print error to STDERR\n    echo \"error: The sandbox is not in sync with the Podfile.lock. Run 'pod install' or update your CocoaPods installation.\" >&2\n    exit 1\nfi\n# This output is used by Xcode 'outputs' to avoid re-running this script phase.\necho \"SUCCESS\" > \"${SCRIPT_OUTPUT_FILE_0}\"\n";
			showEnvVarsInLog = 0;
		};
		E6B9DC23B6CC82BD85355D9B /* [CP] Embed Pods Frameworks */ = {
			isa = PBXShellScriptBuildPhase;
			buildActionMask = 2147483647;
			files = (
			);
			inputFileListPaths = (
				"${PODS_ROOT}/Target Support Files/Pods-IOS_CreditCardList/Pods-IOS_CreditCardList-frameworks-${CONFIGURATION}-input-files.xcfilelist",
			);
			name = "[CP] Embed Pods Frameworks";
			outputFileListPaths = (
				"${PODS_ROOT}/Target Support Files/Pods-IOS_CreditCardList/Pods-IOS_CreditCardList-frameworks-${CONFIGURATION}-output-files.xcfilelist",
			);
			runOnlyForDeploymentPostprocessing = 0;
			shellPath = /bin/sh;
			shellScript = "\"${PODS_ROOT}/Target Support Files/Pods-IOS_CreditCardList/Pods-IOS_CreditCardList-frameworks.sh\"\n";
			showEnvVarsInLog = 0;
		};
/* End PBXShellScriptBuildPhase section */

/* Begin PBXSourcesBuildPhase section */
		AFDB258A26F3505600397B35 /* Sources */ = {
			isa = PBXSourcesBuildPhase;
			buildActionMask = 2147483647;
			files = (
				AFDB25B926F4CFEB00397B35 /* CreditCard.swift in Sources */,
				AFDB259226F3505600397B35 /* AppDelegate.swift in Sources */,
				AFDB259426F3505600397B35 /* SceneDelegate.swift in Sources */,
				AFDB25B626F4CFEB00397B35 /* CardListTableViewCell.swift in Sources */,
				AFDB25BE26F4D1BB00397B35 /* CardDetailViewController.swift in Sources */,
				AFB4BAB226FC40B000B6E065 /* CardListTableViewController.swift in Sources */,
			);
			runOnlyForDeploymentPostprocessing = 0;
		};
/* End PBXSourcesBuildPhase section */

/* Begin PBXVariantGroup section */
		AFDB259726F3505600397B35 /* Main.storyboard */ = {
			isa = PBXVariantGroup;
			children = (
				AFDB259826F3505600397B35 /* Base */,
			);
			name = Main.storyboard;
			sourceTree = "<group>";
		};
		AFDB259C26F3505B00397B35 /* LaunchScreen.storyboard */ = {
			isa = PBXVariantGroup;
			children = (
				AFDB259D26F3505B00397B35 /* Base */,
			);
			name = LaunchScreen.storyboard;
			sourceTree = "<group>";
		};
/* End PBXVariantGroup section */

/* Begin XCBuildConfiguration section */
		AFDB25A026F3505B00397B35 /* Debug */ = {
			isa = XCBuildConfiguration;
			buildSettings = {
				ALWAYS_SEARCH_USER_PATHS = NO;
				CLANG_ANALYZER_NONNULL = YES;
				CLANG_ANALYZER_NUMBER_OBJECT_CONVERSION = YES_AGGRESSIVE;
				CLANG_CXX_LANGUAGE_STANDARD = "gnu++14";
				CLANG_CXX_LIBRARY = "libc++";
				CLANG_ENABLE_MODULES = YES;
				CLANG_ENABLE_OBJC_ARC = YES;
				CLANG_ENABLE_OBJC_WEAK = YES;
				CLANG_WARN_BLOCK_CAPTURE_AUTORELEASING = YES;
				CLANG_WARN_BOOL_CONVERSION = YES;
				CLANG_WARN_COMMA = YES;
				CLANG_WARN_CONSTANT_CONVERSION = YES;
				CLANG_WARN_DEPRECATED_OBJC_IMPLEMENTATIONS = YES;
				CLANG_WARN_DIRECT_OBJC_ISA_USAGE = YES_ERROR;
				CLANG_WARN_DOCUMENTATION_COMMENTS = YES;
				CLANG_WARN_EMPTY_BODY = YES;
				CLANG_WARN_ENUM_CONVERSION = YES;
				CLANG_WARN_INFINITE_RECURSION = YES;
				CLANG_WARN_INT_CONVERSION = YES;
				CLANG_WARN_NON_LITERAL_NULL_CONVERSION = YES;
				CLANG_WARN_OBJC_IMPLICIT_RETAIN_SELF = YES;
				CLANG_WARN_OBJC_LITERAL_CONVERSION = YES;
				CLANG_WARN_OBJC_ROOT_CLASS = YES_ERROR;
				CLANG_WARN_QUOTED_INCLUDE_IN_FRAMEWORK_HEADER = YES;
				CLANG_WARN_RANGE_LOOP_ANALYSIS = YES;
				CLANG_WARN_STRICT_PROTOTYPES = YES;
				CLANG_WARN_SUSPICIOUS_MOVE = YES;
				CLANG_WARN_UNGUARDED_AVAILABILITY = YES_AGGRESSIVE;
				CLANG_WARN_UNREACHABLE_CODE = YES;
				CLANG_WARN__DUPLICATE_METHOD_MATCH = YES;
				COPY_PHASE_STRIP = NO;
				DEBUG_INFORMATION_FORMAT = dwarf;
				ENABLE_STRICT_OBJC_MSGSEND = YES;
				ENABLE_TESTABILITY = YES;
				GCC_C_LANGUAGE_STANDARD = gnu11;
				GCC_DYNAMIC_NO_PIC = NO;
				GCC_NO_COMMON_BLOCKS = YES;
				GCC_OPTIMIZATION_LEVEL = 0;
				GCC_PREPROCESSOR_DEFINITIONS = (
					"DEBUG=1",
					"$(inherited)",
				);
				GCC_WARN_64_TO_32_BIT_CONVERSION = YES;
				GCC_WARN_ABOUT_RETURN_TYPE = YES_ERROR;
				GCC_WARN_UNDECLARED_SELECTOR = YES;
				GCC_WARN_UNINITIALIZED_AUTOS = YES_AGGRESSIVE;
				GCC_WARN_UNUSED_FUNCTION = YES;
				GCC_WARN_UNUSED_VARIABLE = YES;
				IPHONEOS_DEPLOYMENT_TARGET = 14.5;
				MTL_ENABLE_DEBUG_INFO = INCLUDE_SOURCE;
				MTL_FAST_MATH = YES;
				ONLY_ACTIVE_ARCH = YES;
				SDKROOT = iphoneos;
				SWIFT_ACTIVE_COMPILATION_CONDITIONS = DEBUG;
				SWIFT_OPTIMIZATION_LEVEL = "-Onone";
			};
			name = Debug;
		};
		AFDB25A126F3505B00397B35 /* Release */ = {
			isa = XCBuildConfiguration;
			buildSettings = {
				ALWAYS_SEARCH_USER_PATHS = NO;
				CLANG_ANALYZER_NONNULL = YES;
				CLANG_ANALYZER_NUMBER_OBJECT_CONVERSION = YES_AGGRESSIVE;
				CLANG_CXX_LANGUAGE_STANDARD = "gnu++14";
				CLANG_CXX_LIBRARY = "libc++";
				CLANG_ENABLE_MODULES = YES;
				CLANG_ENABLE_OBJC_ARC = YES;
				CLANG_ENABLE_OBJC_WEAK = YES;
				CLANG_WARN_BLOCK_CAPTURE_AUTORELEASING = YES;
				CLANG_WARN_BOOL_CONVERSION = YES;
				CLANG_WARN_COMMA = YES;
				CLANG_WARN_CONSTANT_CONVERSION = YES;
				CLANG_WARN_DEPRECATED_OBJC_IMPLEMENTATIONS = YES;
				CLANG_WARN_DIRECT_OBJC_ISA_USAGE = YES_ERROR;
				CLANG_WARN_DOCUMENTATION_COMMENTS = YES;
				CLANG_WARN_EMPTY_BODY = YES;
				CLANG_WARN_ENUM_CONVERSION = YES;
				CLANG_WARN_INFINITE_RECURSION = YES;
				CLANG_WARN_INT_CONVERSION = YES;
				CLANG_WARN_NON_LITERAL_NULL_CONVERSION = YES;
				CLANG_WARN_OBJC_IMPLICIT_RETAIN_SELF = YES;
				CLANG_WARN_OBJC_LITERAL_CONVERSION = YES;
				CLANG_WARN_OBJC_ROOT_CLASS = YES_ERROR;
				CLANG_WARN_QUOTED_INCLUDE_IN_FRAMEWORK_HEADER = YES;
				CLANG_WARN_RANGE_LOOP_ANALYSIS = YES;
				CLANG_WARN_STRICT_PROTOTYPES = YES;
				CLANG_WARN_SUSPICIOUS_MOVE = YES;
				CLANG_WARN_UNGUARDED_AVAILABILITY = YES_AGGRESSIVE;
				CLANG_WARN_UNREACHABLE_CODE = YES;
				CLANG_WARN__DUPLICATE_METHOD_MATCH = YES;
				COPY_PHASE_STRIP = NO;
				DEBUG_INFORMATION_FORMAT = "dwarf-with-dsym";
				ENABLE_NS_ASSERTIONS = NO;
				ENABLE_STRICT_OBJC_MSGSEND = YES;
				GCC_C_LANGUAGE_STANDARD = gnu11;
				GCC_NO_COMMON_BLOCKS = YES;
				GCC_WARN_64_TO_32_BIT_CONVERSION = YES;
				GCC_WARN_ABOUT_RETURN_TYPE = YES_ERROR;
				GCC_WARN_UNDECLARED_SELECTOR = YES;
				GCC_WARN_UNINITIALIZED_AUTOS = YES_AGGRESSIVE;
				GCC_WARN_UNUSED_FUNCTION = YES;
				GCC_WARN_UNUSED_VARIABLE = YES;
				IPHONEOS_DEPLOYMENT_TARGET = 14.5;
				MTL_ENABLE_DEBUG_INFO = NO;
				MTL_FAST_MATH = YES;
				SDKROOT = iphoneos;
				SWIFT_COMPILATION_MODE = wholemodule;
				SWIFT_OPTIMIZATION_LEVEL = "-O";
				VALIDATE_PRODUCT = YES;
			};
			name = Release;
		};
		AFDB25A326F3505B00397B35 /* Debug */ = {
			isa = XCBuildConfiguration;
			baseConfigurationReference = C68B60DDA36FDC12CE7D9F98 /* Pods-IOS_CreditCardList.debug.xcconfig */;
			buildSettings = {
				ASSETCATALOG_COMPILER_APPICON_NAME = AppIcon;
				ASSETCATALOG_COMPILER_GLOBAL_ACCENT_COLOR_NAME = AccentColor;
				CODE_SIGN_STYLE = Automatic;
				DEVELOPMENT_TEAM = P9NDMSW4DC;
				INFOPLIST_FILE = IOS_CreditCardList/Info.plist;
				LD_RUNPATH_SEARCH_PATHS = (
					"$(inherited)",
					"@executable_path/Frameworks",
				);
				PRODUCT_BUNDLE_IDENTIFIER = "com.junseole.IOS-CreditCardList";
				PRODUCT_NAME = "$(TARGET_NAME)";
				SWIFT_VERSION = 5.0;
				TARGETED_DEVICE_FAMILY = "1,2";
			};
			name = Debug;
		};
		AFDB25A426F3505B00397B35 /* Release */ = {
			isa = XCBuildConfiguration;
			baseConfigurationReference = E16BF34E899EA9A59073E512 /* Pods-IOS_CreditCardList.release.xcconfig */;
			buildSettings = {
				ASSETCATALOG_COMPILER_APPICON_NAME = AppIcon;
				ASSETCATALOG_COMPILER_GLOBAL_ACCENT_COLOR_NAME = AccentColor;
				CODE_SIGN_STYLE = Automatic;
				DEVELOPMENT_TEAM = P9NDMSW4DC;
				INFOPLIST_FILE = IOS_CreditCardList/Info.plist;
				LD_RUNPATH_SEARCH_PATHS = (
					"$(inherited)",
					"@executable_path/Frameworks",
				);
				PRODUCT_BUNDLE_IDENTIFIER = "com.junseole.IOS-CreditCardList";
				PRODUCT_NAME = "$(TARGET_NAME)";
				SWIFT_VERSION = 5.0;
				TARGETED_DEVICE_FAMILY = "1,2";
			};
			name = Release;
		};
/* End XCBuildConfiguration section */

/* Begin XCConfigurationList section */
		AFDB258926F3505600397B35 /* Build configuration list for PBXProject "IOS_CreditCardList" */ = {
			isa = XCConfigurationList;
			buildConfigurations = (
				AFDB25A026F3505B00397B35 /* Debug */,
				AFDB25A126F3505B00397B35 /* Release */,
			);
			defaultConfigurationIsVisible = 0;
			defaultConfigurationName = Release;
		};
		AFDB25A226F3505B00397B35 /* Build configuration list for PBXNativeTarget "IOS_CreditCardList" */ = {
			isa = XCConfigurationList;
			buildConfigurations = (
				AFDB25A326F3505B00397B35 /* Debug */,
				AFDB25A426F3505B00397B35 /* Release */,
			);
			defaultConfigurationIsVisible = 0;
			defaultConfigurationName = Release;
		};
/* End XCConfigurationList section */
	};
	rootObject = AFDB258626F3505600397B35 /* Project object */;
}
